
Microsoft Visual Studio Solution File, Format Version 12.00
# Visual Studio Version 17
VisualStudioVersion = 17.9.34622.214
MinimumVisualStudioVersion = 10.0.40219.1
Project("{FAE04EC0-301F-11D3-BF4B-00C04F79EFBC}") = "Prime_Factorial_AgeTeller", "Prime_Factorial_AgeTeller.csproj", "{6308E2D5-9EB2-450C-B39A-EF6ADB7F4777}"
EndProject
Global
	GlobalSection(SolutionConfigurationPlatforms) = preSolution
		Debug|Any CPU = Debug|Any CPU
		Release|Any CPU = Release|Any CPU
	EndGlobalSection
	GlobalSection(ProjectConfigurationPlatforms) = postSolution
		{6308E2D5-9EB2-450C-B39A-EF6ADB7F4777}.Debug|Any CPU.ActiveCfg = Debug|Any CPU
		{6308E2D5-9EB2-450C-B39A-EF6ADB7F4777}.Debug|Any CPU.Build.0 = Debug|Any CPU
		{6308E2D5-9EB2-450C-B39A-EF6ADB7F4777}.Release|Any CPU.ActiveCfg = Release|Any CPU
		{6308E2D5-9EB2-450C-B39A-EF6ADB7F4777}.Release|Any CPU.Build.0 = Release|Any CPU
	EndGlobalSection
	GlobalSection(SolutionProperties) = preSolution
		HideSolutionNode = FALSE
	EndGlobalSection
	GlobalSection(ExtensibilityGlobals) = postSolution
		SolutionGuid = {B35A4D95-3181-4FB7-9DAF-0556A63E2918}
	EndGlobalSection
EndGlobal
